
Microsoft Visual Studio Solution File, Format Version 12.00
# Visual Studio Version 16
VisualStudioVersion = 16.0.30717.126
MinimumVisualStudioVersion = 10.0.40219.1
Project("{FAE04EC0-301F-11D3-BF4B-00C04F79EFBC}") = "Concesionario", "Concesionario\Concesionario.csproj", "{2E7DBE5C-6F64-4956-A3B4-A74C4F7EE597}"
EndProject
Global
	GlobalSection(SolutionConfigurationPlatforms) = preSolution
		Debug|Any CPU = Debug|Any CPU
		Release|Any CPU = Release|Any CPU
	EndGlobalSection
	GlobalSection(ProjectConfigurationPlatforms) = postSolution
		{2E7DBE5C-6F64-4956-A3B4-A74C4F7EE597}.Debug|Any CPU.ActiveCfg = Debug|Any CPU
		{2E7DBE5C-6F64-4956-A3B4-A74C4F7EE597}.Debug|Any CPU.Build.0 = Debug|Any CPU
		{2E7DBE5C-6F64-4956-A3B4-A74C4F7EE597}.Release|Any CPU.ActiveCfg = Release|Any CPU
		{2E7DBE5C-6F64-4956-A3B4-A74C4F7EE597}.Release|Any CPU.Build.0 = Release|Any CPU
	EndGlobalSection
	GlobalSection(SolutionProperties) = preSolution
		HideSolutionNode = FALSE
	EndGlobalSection
	GlobalSection(ExtensibilityGlobals) = postSolution
		SolutionGuid = {4B181628-1291-404F-8E43-5D0747C402B9}
	EndGlobalSection
EndGlobal
